
Microsoft Visual Studio Solution File, Format Version 12.00
# Visual Studio Version 16
VisualStudioVersion = 16.0.29318.209
MinimumVisualStudioVersion = 10.0.40219.1
Project("{FAE04EC0-301F-11D3-BF4B-00C04F79EFBC}") = "ChatAWhile", "ChatAWhile\ChatAWhile.csproj", "{ACCBCC72-A224-4528-8C4B-9CEFF18B39BE}"
EndProject
Global
	GlobalSection(SolutionConfigurationPlatforms) = preSolution
		Debug|Any CPU = Debug|Any CPU
		Release|Any CPU = Release|Any CPU
	EndGlobalSection
	GlobalSection(ProjectConfigurationPlatforms) = postSolution
		{ACCBCC72-A224-4528-8C4B-9CEFF18B39BE}.Debug|Any CPU.ActiveCfg = Debug|Any CPU
		{ACCBCC72-A224-4528-8C4B-9CEFF18B39BE}.Debug|Any CPU.Build.0 = Debug|Any CPU
		{ACCBCC72-A224-4528-8C4B-9CEFF18B39BE}.Release|Any CPU.ActiveCfg = Release|Any CPU
		{ACCBCC72-A224-4528-8C4B-9CEFF18B39BE}.Release|Any CPU.Build.0 = Release|Any CPU
	EndGlobalSection
	GlobalSection(SolutionProperties) = preSolution
		HideSolutionNode = FALSE
	EndGlobalSection
	GlobalSection(ExtensibilityGlobals) = postSolution
		SolutionGuid = {152BFCA2-4A52-433C-9F3E-222514DC6A2A}
	EndGlobalSection
EndGlobal
